
Microsoft Visual Studio Solution File, Format Version 12.00
# Visual Studio 15
VisualStudioVersion = 15.0.28307.1022
MinimumVisualStudioVersion = 10.0.40219.1
Project("{FAE04EC0-301F-11D3-BF4B-00C04F79EFBC}") = "SalesWebMvc", "SalesWebMvc\SalesWebMvc.csproj", "{178085A5-952F-4BA7-A1B5-056FDC99A665}"
EndProject
Global
	GlobalSection(SolutionConfigurationPlatforms) = preSolution
		Debug|Any CPU = Debug|Any CPU
		Release|Any CPU = Release|Any CPU
	EndGlobalSection
	GlobalSection(ProjectConfigurationPlatforms) = postSolution
		{178085A5-952F-4BA7-A1B5-056FDC99A665}.Debug|Any CPU.ActiveCfg = Debug|Any CPU
		{178085A5-952F-4BA7-A1B5-056FDC99A665}.Debug|Any CPU.Build.0 = Debug|Any CPU
		{178085A5-952F-4BA7-A1B5-056FDC99A665}.Release|Any CPU.ActiveCfg = Release|Any CPU
		{178085A5-952F-4BA7-A1B5-056FDC99A665}.Release|Any CPU.Build.0 = Release|Any CPU
	EndGlobalSection
	GlobalSection(SolutionProperties) = preSolution
		HideSolutionNode = FALSE
	EndGlobalSection
	GlobalSection(ExtensibilityGlobals) = postSolution
		SolutionGuid = {57E5E793-2EDA-404F-B426-A8511F7762FF}
	EndGlobalSection
EndGlobal
